
Microsoft Visual Studio Solution File, Format Version 12.00
# Visual Studio 15
VisualStudioVersion = 15.0.26730.15
MinimumVisualStudioVersion = 10.0.40219.1
Project("{2150E333-8FDC-42A3-9474-1A3956D46DE8}") = "Engine", "Engine", "{EDDA6C30-9E8D-42DC-8FF9-06F15DB2679B}"
EndProject
Project("{2150E333-8FDC-42A3-9474-1A3956D46DE8}") = "Games", "Games", "{9944A4F9-4C90-4ABE-8249-850D17B622E1}"
EndProject
Project("{8BC9CEB8-8B4A-11D0-8D11-00A0C91BC942}") = "UE4", "Intermediate\ProjectFiles\UE4.vcxproj", "{EC6E5DC5-A08F-4036-AB8B-C85A5BFE81A5}"
EndProject
Project("{8BC9CEB8-8B4A-11D0-8D11-00A0C91BC942}") = "BuildingEscape", "Intermediate\ProjectFiles\BuildingEscape.vcxproj", "{01CD9D93-B94F-4CDC-9E50-60ED98478064}"
EndProject
Global
	GlobalSection(SolutionConfigurationPlatforms) = preSolution
		DebugGame Editor|HTML5 = DebugGame Editor|HTML5
		DebugGame Editor|Win32 = DebugGame Editor|Win32
		DebugGame Editor|Win64 = DebugGame Editor|Win64
		DebugGame|HTML5 = DebugGame|HTML5
		DebugGame|Win32 = DebugGame|Win32
		DebugGame|Win64 = DebugGame|Win64
		Development Editor|HTML5 = Development Editor|HTML5
		Development Editor|Win32 = Development Editor|Win32
		Development Editor|Win64 = Development Editor|Win64
		Development|HTML5 = Development|HTML5
		Development|Win32 = Development|Win32
		Development|Win64 = Development|Win64
		Shipping|HTML5 = Shipping|HTML5
		Shipping|Win32 = Shipping|Win32
		Shipping|Win64 = Shipping|Win64
	EndGlobalSection
	GlobalSection(ProjectConfigurationPlatforms) = postSolution
		{EC6E5DC5-A08F-4036-AB8B-C85A5BFE81A5}.DebugGame Editor|HTML5.ActiveCfg = BuiltWithUnrealBuildTool|Win32
		{EC6E5DC5-A08F-4036-AB8B-C85A5BFE81A5}.DebugGame Editor|HTML5.Build.0 = BuiltWithUnrealBuildTool|Win32
		{EC6E5DC5-A08F-4036-AB8B-C85A5BFE81A5}.DebugGame Editor|Win32.ActiveCfg = BuiltWithUnrealBuildTool|Win32
		{EC6E5DC5-A08F-4036-AB8B-C85A5BFE81A5}.DebugGame Editor|Win32.Build.0 = BuiltWithUnrealBuildTool|Win32
		{EC6E5DC5-A08F-4036-AB8B-C85A5BFE81A5}.DebugGame Editor|Win64.ActiveCfg = BuiltWithUnrealBuildTool|Win32
		{EC6E5DC5-A08F-4036-AB8B-C85A5BFE81A5}.DebugGame Editor|Win64.Build.0 = BuiltWithUnrealBuildTool|Win32
		{EC6E5DC5-A08F-4036-AB8B-C85A5BFE81A5}.DebugGame|HTML5.ActiveCfg = BuiltWithUnrealBuildTool|Win32
		{EC6E5DC5-A08F-4036-AB8B-C85A5BFE81A5}.DebugGame|HTML5.Build.0 = BuiltWithUnrealBuildTool|Win32
		{EC6E5DC5-A08F-4036-AB8B-C85A5BFE81A5}.DebugGame|Win32.ActiveCfg = BuiltWithUnrealBuildTool|Win32
		{EC6E5DC5-A08F-4036-AB8B-C85A5BFE81A5}.DebugGame|Win32.Build.0 = BuiltWithUnrealBuildTool|Win32
		{EC6E5DC5-A08F-4036-AB8B-C85A5BFE81A5}.DebugGame|Win64.ActiveCfg = BuiltWithUnrealBuildTool|Win32
		{EC6E5DC5-A08F-4036-AB8B-C85A5BFE81A5}.DebugGame|Win64.Build.0 = BuiltWithUnrealBuildTool|Win32
		{EC6E5DC5-A08F-4036-AB8B-C85A5BFE81A5}.Development Editor|HTML5.ActiveCfg = BuiltWithUnrealBuildTool|Win32
		{EC6E5DC5-A08F-4036-AB8B-C85A5BFE81A5}.Development Editor|HTML5.Build.0 = BuiltWithUnrealBuildTool|Win32
		{EC6E5DC5-A08F-4036-AB8B-C85A5BFE81A5}.Development Editor|Win32.ActiveCfg = BuiltWithUnrealBuildTool|Win32
		{EC6E5DC5-A08F-4036-AB8B-C85A5BFE81A5}.Development Editor|Win32.Build.0 = BuiltWithUnrealBuildTool|Win32
		{EC6E5DC5-A08F-4036-AB8B-C85A5BFE81A5}.Development Editor|Win64.ActiveCfg = BuiltWithUnrealBuildTool|Win32
		{EC6E5DC5-A08F-4036-AB8B-C85A5BFE81A5}.Development Editor|Win64.Build.0 = BuiltWithUnrealBuildTool|Win32
		{EC6E5DC5-A08F-4036-AB8B-C85A5BFE81A5}.Development|HTML5.ActiveCfg = BuiltWithUnrealBuildTool|Win32
		{EC6E5DC5-A08F-4036-AB8B-C85A5BFE81A5}.Development|HTML5.Build.0 = BuiltWithUnrealBuildTool|Win32
		{EC6E5DC5-A08F-4036-AB8B-C85A5BFE81A5}.Development|Win32.ActiveCfg = BuiltWithUnrealBuildTool|Win32
		{EC6E5DC5-A08F-4036-AB8B-C85A5BFE81A5}.Development|Win32.Build.0 = BuiltWithUnrealBuildTool|Win32
		{EC6E5DC5-A08F-4036-AB8B-C85A5BFE81A5}.Development|Win64.ActiveCfg = BuiltWithUnrealBuildTool|Win32
		{EC6E5DC5-A08F-4036-AB8B-C85A5BFE81A5}.Development|Win64.Build.0 = BuiltWithUnrealBuildTool|Win32
		{EC6E5DC5-A08F-4036-AB8B-C85A5BFE81A5}.Shipping|HTML5.ActiveCfg = BuiltWithUnrealBuildTool|Win32
		{EC6E5DC5-A08F-4036-AB8B-C85A5BFE81A5}.Shipping|HTML5.Build.0 = BuiltWithUnrealBuildTool|Win32
		{EC6E5DC5-A08F-4036-AB8B-C85A5BFE81A5}.Shipping|Win32.ActiveCfg = BuiltWithUnrealBuildTool|Win32
		{EC6E5DC5-A08F-4036-AB8B-C85A5BFE81A5}.Shipping|Win32.Build.0 = BuiltWithUnrealBuildTool|Win32
		{EC6E5DC5-A08F-4036-AB8B-C85A5BFE81A5}.Shipping|Win64.ActiveCfg = BuiltWithUnrealBuildTool|Win32
		{EC6E5DC5-A08F-4036-AB8B-C85A5BFE81A5}.Shipping|Win64.Build.0 = BuiltWithUnrealBuildTool|Win32
		{01CD9D93-B94F-4CDC-9E50-60ED98478064}.DebugGame Editor|HTML5.ActiveCfg = HTML5_DebugGame_Editor|Win32
		{01CD9D93-B94F-4CDC-9E50-60ED98478064}.DebugGame Editor|Win32.ActiveCfg = DebugGame_Editor|Win32
		{01CD9D93-B94F-4CDC-9E50-60ED98478064}.DebugGame Editor|Win64.ActiveCfg = DebugGame_Editor|x64
		{01CD9D93-B94F-4CDC-9E50-60ED98478064}.DebugGame Editor|Win64.Build.0 = DebugGame_Editor|x64
		{01CD9D93-B94F-4CDC-9E50-60ED98478064}.DebugGame|HTML5.ActiveCfg = HTML5_DebugGame_Game|Win32
		{01CD9D93-B94F-4CDC-9E50-60ED98478064}.DebugGame|HTML5.Build.0 = HTML5_DebugGame_Game|Win32
		{01CD9D93-B94F-4CDC-9E50-60ED98478064}.DebugGame|Win32.ActiveCfg = DebugGame_Game|Win32
		{01CD9D93-B94F-4CDC-9E50-60ED98478064}.DebugGame|Win32.Build.0 = DebugGame_Game|Win32
		{01CD9D93-B94F-4CDC-9E50-60ED98478064}.DebugGame|Win64.ActiveCfg = DebugGame_Game|x64
		{01CD9D93-B94F-4CDC-9E50-60ED98478064}.DebugGame|Win64.Build.0 = DebugGame_Game|x64
		{01CD9D93-B94F-4CDC-9E50-60ED98478064}.Development Editor|HTML5.ActiveCfg = HTML5_Development_Editor|Win32
		{01CD9D93-B94F-4CDC-9E50-60ED98478064}.Development Editor|Win32.ActiveCfg = Development_Editor|Win32
		{01CD9D93-B94F-4CDC-9E50-60ED98478064}.Development Editor|Win64.ActiveCfg = Development_Editor|x64
		{01CD9D93-B94F-4CDC-9E50-60ED98478064}.Development Editor|Win64.Build.0 = Development_Editor|x64
		{01CD9D93-B94F-4CDC-9E50-60ED98478064}.Development|HTML5.ActiveCfg = HTML5_Development_Game|Win32
		{01CD9D93-B94F-4CDC-9E50-60ED98478064}.Development|HTML5.Build.0 = HTML5_Development_Game|Win32
		{01CD9D93-B94F-4CDC-9E50-60ED98478064}.Development|Win32.ActiveCfg = Development_Game|Win32
		{01CD9D93-B94F-4CDC-9E50-60ED98478064}.Development|Win32.Build.0 = Development_Game|Win32
		{01CD9D93-B94F-4CDC-9E50-60ED98478064}.Development|Win64.ActiveCfg = Development_Game|x64
		{01CD9D93-B94F-4CDC-9E50-60ED98478064}.Development|Win64.Build.0 = Development_Game|x64
		{01CD9D93-B94F-4CDC-9E50-60ED98478064}.Shipping|HTML5.ActiveCfg = HTML5_Shipping_Game|Win32
		{01CD9D93-B94F-4CDC-9E50-60ED98478064}.Shipping|HTML5.Build.0 = HTML5_Shipping_Game|Win32
		{01CD9D93-B94F-4CDC-9E50-60ED98478064}.Shipping|Win32.ActiveCfg = Shipping_Game|Win32
		{01CD9D93-B94F-4CDC-9E50-60ED98478064}.Shipping|Win32.Build.0 = Shipping_Game|Win32
		{01CD9D93-B94F-4CDC-9E50-60ED98478064}.Shipping|Win64.ActiveCfg = Shipping_Game|x64
		{01CD9D93-B94F-4CDC-9E50-60ED98478064}.Shipping|Win64.Build.0 = Shipping_Game|x64
	EndGlobalSection
	GlobalSection(SolutionProperties) = preSolution
		HideSolutionNode = FALSE
	EndGlobalSection
	GlobalSection(NestedProjects) = preSolution
		{EC6E5DC5-A08F-4036-AB8B-C85A5BFE81A5} = {EDDA6C30-9E8D-42DC-8FF9-06F15DB2679B}
		{01CD9D93-B94F-4CDC-9E50-60ED98478064} = {9944A4F9-4C90-4ABE-8249-850D17B622E1}
	EndGlobalSection
	GlobalSection(ExtensibilityGlobals) = postSolution
		SolutionGuid = {2744F877-47B9-45E1-ADE9-A1D4EE3B697B}
	EndGlobalSection
EndGlobal
